
Microsoft Visual Studio Solution File, Format Version 12.00
# Visual Studio Version 16
VisualStudioVersion = 16.0.29613.14
MinimumVisualStudioVersion = 10.0.40219.1
Project("{FAE04EC0-301F-11D3-BF4B-00C04F79EFBC}") = "Traffic", "Traffic\Traffic.csproj", "{4E301FD6-6669-4651-89F0-37457DD159C0}"
EndProject
Global
	GlobalSection(SolutionConfigurationPlatforms) = preSolution
		Debug|Any CPU = Debug|Any CPU
		Release|Any CPU = Release|Any CPU
	EndGlobalSection
	GlobalSection(ProjectConfigurationPlatforms) = postSolution
		{4E301FD6-6669-4651-89F0-37457DD159C0}.Debug|Any CPU.ActiveCfg = Debug|Any CPU
		{4E301FD6-6669-4651-89F0-37457DD159C0}.Debug|Any CPU.Build.0 = Debug|Any CPU
		{4E301FD6-6669-4651-89F0-37457DD159C0}.Release|Any CPU.ActiveCfg = Release|Any CPU
		{4E301FD6-6669-4651-89F0-37457DD159C0}.Release|Any CPU.Build.0 = Release|Any CPU
	EndGlobalSection
	GlobalSection(SolutionProperties) = preSolution
		HideSolutionNode = FALSE
	EndGlobalSection
	GlobalSection(ExtensibilityGlobals) = postSolution
		SolutionGuid = {E26A53EE-B4C5-49C8-A704-087C51D998BC}
	EndGlobalSection
EndGlobal
